{
  "originHash" : "f0239a2e37b572ca81f9f03b92018d20b34ec51c73788a076206d192fcc84025",
  "pins" : [
    {
      "identity" : "swift-syntax",
      "kind" : "remoteSourceControl",
      "location" : "https://github.com/swiftlang/swift-syntax.git",
      "state" : {
        "revision" : "f99ae8aa18f0cf0d53481901f88a0991dc3bd4a2",
        "version" : "601.0.1"
      }
    },
    {
      "identity" : "swift-testing",
      "kind" : "remoteSourceControl",
      "location" : "https://github.com/swiftlang/swift-testing.git",
      "state" : {
        "revision" : "1d1f7e489c9c606ae6c2caa10385372736ef4a39",
        "version" : "6.1.3"
      }
    }
  ],
  "version" : 3
}
