{
  "originHash" : "3f4988a45a3ec26c7d6457c6cc4a46311c1d6f86fd7480ac7872cd2c61c5422c",
  "pins" : [
    {
      "identity" : "swift-syntax",
      "kind" : "remoteSourceControl",
      "location" : "https://github.com/swiftlang/swift-syntax.git",
      "state" : {
        "revision" : "79e4b74a295b6eb74a8b585e3a39d29e70c1dbd1",
        "version" : "603.0.2"
      }
    },
    {
      "identity" : "swift-testing",
      "kind" : "remoteSourceControl",
      "location" : "https://github.com/swiftlang/swift-testing.git",
      "state" : {
        "revision" : "70eff261d7f462cad1fff51e05bcc74aa0b0f420",
        "version" : "6.3.2"
      }
    }
  ],
  "version" : 3
}
